
Microsoft Visual Studio Solution File, Format Version 12.00
# Visual Studio Version 17
VisualStudioVersion = 17.0.32112.339
MinimumVisualStudioVersion = 10.0.40219.1
Project("{FAE04EC0-301F-11D3-BF4B-00C04F79EFBC}") = "BattleshipLiteLibrary", "BattleshipLiteLibrary\BattleshipLiteLibrary.csproj", "{8327C117-A85D-4EED-B65F-EE19F68095AA}"
EndProject
Project("{FAE04EC0-301F-11D3-BF4B-00C04F79EFBC}") = "BattleshipLite", "BattleshipLite\BattleshipLite.csproj", "{28C576B1-7328-49E2-AD27-142B4B9347B5}"
EndProject
Global
	GlobalSection(SolutionConfigurationPlatforms) = preSolution
		Debug|Any CPU = Debug|Any CPU
		Release|Any CPU = Release|Any CPU
	EndGlobalSection
	GlobalSection(ProjectConfigurationPlatforms) = postSolution
		{8327C117-A85D-4EED-B65F-EE19F68095AA}.Debug|Any CPU.ActiveCfg = Debug|Any CPU
		{8327C117-A85D-4EED-B65F-EE19F68095AA}.Debug|Any CPU.Build.0 = Debug|Any CPU
		{8327C117-A85D-4EED-B65F-EE19F68095AA}.Release|Any CPU.ActiveCfg = Release|Any CPU
		{8327C117-A85D-4EED-B65F-EE19F68095AA}.Release|Any CPU.Build.0 = Release|Any CPU
		{28C576B1-7328-49E2-AD27-142B4B9347B5}.Debug|Any CPU.ActiveCfg = Debug|Any CPU
		{28C576B1-7328-49E2-AD27-142B4B9347B5}.Debug|Any CPU.Build.0 = Debug|Any CPU
		{28C576B1-7328-49E2-AD27-142B4B9347B5}.Release|Any CPU.ActiveCfg = Release|Any CPU
		{28C576B1-7328-49E2-AD27-142B4B9347B5}.Release|Any CPU.Build.0 = Release|Any CPU
	EndGlobalSection
	GlobalSection(SolutionProperties) = preSolution
		HideSolutionNode = FALSE
	EndGlobalSection
	GlobalSection(ExtensibilityGlobals) = postSolution
		SolutionGuid = {006F207D-5139-42E7-85F1-718DDB574662}
	EndGlobalSection
EndGlobal
